// !$*UTF8*$!
{
	archiveVersion = 1;
	classes = {
	};
	objectVersion = 46;
	objects = {

/* Begin PBXBuildFile section */
		F71CE682195A309C0030EBA9 /* Foundation.framework in Frameworks */ = {isa = PBXBuildFile; fileRef = F71CE681195A309C0030EBA9 /* Foundation.framework */; };
		F71CE684195A309C0030EBA9 /* CoreGraphics.framework in Frameworks */ = {isa = PBXBuildFile; fileRef = F71CE683195A309C0030EBA9 /* CoreGraphics.framework */; };
		F71CE686195A309C0030EBA9 /* UIKit.framework in Frameworks */ = {isa = PBXBuildFile; fileRef = F71CE685195A309C0030EBA9 /* UIKit.framework */; };
		F71CE68C195A309C0030EBA9 /* InfoPlist.strings in Resources */ = {isa = PBXBuildFile; fileRef = F71CE68A195A309C0030EBA9 /* InfoPlist.strings */; };
		F71CE68E195A309C0030EBA9 /* main.m in Sources */ = {isa = PBXBuildFile; fileRef = F71CE68D195A309C0030EBA9 /* main.m */; };
		F71CE692195A309C0030EBA9 /* AppDelegate.m in Sources */ = {isa = PBXBuildFile; fileRef = F71CE691195A309C0030EBA9 /* AppDelegate.m */; };
		F71CE694195A309C0030EBA9 /* Images.xcassets in Resources */ = {isa = PBXBuildFile; fileRef = F71CE693195A309C0030EBA9 /* Images.xcassets */; };
		F71CE69B195A309C0030EBA9 /* XCTest.framework in Frameworks */ = {isa = PBXBuildFile; fileRef = F71CE69A195A309C0030EBA9 /* XCTest.framework */; };
		F71CE69C195A309C0030EBA9 /* Foundation.framework in Frameworks */ = {isa = PBXBuildFile; fileRef = F71CE681195A309C0030EBA9 /* Foundation.framework */; };
		F71CE69D195A309C0030EBA9 /* UIKit.framework in Frameworks */ = {isa = PBXBuildFile; fileRef = F71CE685195A309C0030EBA9 /* UIKit.framework */; };
		F71CE6A5195A309C0030EBA9 /* InfoPlist.strings in Resources */ = {isa = PBXBuildFile; fileRef = F71CE6A3195A309C0030EBA9 /* InfoPlist.strings */; };
		F71CE6A7195A309C0030EBA9 /* The_ArbTests.m in Sources */ = {isa = PBXBuildFile; fileRef = F71CE6A6195A309C0030EBA9 /* The_ArbTests.m */; };
		F71CE6B3195B20C10030EBA9 /* Main.storyboard in Resources */ = {isa = PBXBuildFile; fileRef = F71CE6B2195B20C10030EBA9 /* Main.storyboard */; };
		F71CE6B9195B263A0030EBA9 /* AppInitViewController.m in Sources */ = {isa = PBXBuildFile; fileRef = F71CE6B8195B263A0030EBA9 /* AppInitViewController.m */; };
		F71CE6BB195B284B0030EBA9 /* GoogleMaps.framework in Frameworks */ = {isa = PBXBuildFile; fileRef = F71CE6BA195B284B0030EBA9 /* GoogleMaps.framework */; };
		F71CE6BD195B288B0030EBA9 /* GoogleMaps.bundle in Resources */ = {isa = PBXBuildFile; fileRef = F71CE6BC195B288B0030EBA9 /* GoogleMaps.bundle */; };
		F71CE6BF195B28C60030EBA9 /* AVFoundation.framework in Frameworks */ = {isa = PBXBuildFile; fileRef = F71CE6BE195B28C60030EBA9 /* AVFoundation.framework */; };
		F71CE6C1195B28CE0030EBA9 /* CoreData.framework in Frameworks */ = {isa = PBXBuildFile; fileRef = F71CE6C0195B28CE0030EBA9 /* CoreData.framework */; };
		F71CE6C4195B28E40030EBA9 /* CoreLocation.framework in Frameworks */ = {isa = PBXBuildFile; fileRef = F71CE6C2195B28E40030EBA9 /* CoreLocation.framework */; };
		F71CE6C5195B28E40030EBA9 /* CoreText.framework in Frameworks */ = {isa = PBXBuildFile; fileRef = F71CE6C3195B28E40030EBA9 /* CoreText.framework */; };
		F71CE6C7195B28FA0030EBA9 /* GLKit.framework in Frameworks */ = {isa = PBXBuildFile; fileRef = F71CE6C6195B28FA0030EBA9 /* GLKit.framework */; };
		F71CE6C9195B29060030EBA9 /* ImageIO.framework in Frameworks */ = {isa = PBXBuildFile; fileRef = F71CE6C8195B29060030EBA9 /* ImageIO.framework */; };
		F71CE6CB195B29130030EBA9 /* libc++.dylib in Frameworks */ = {isa = PBXBuildFile; fileRef = F71CE6CA195B29130030EBA9 /* libc++.dylib */; };
		F71CE6CD195B29200030EBA9 /* libicucore.dylib in Frameworks */ = {isa = PBXBuildFile; fileRef = F71CE6CC195B29200030EBA9 /* libicucore.dylib */; };
		F71CE6CF195B29280030EBA9 /* libz.dylib in Frameworks */ = {isa = PBXBuildFile; fileRef = F71CE6CE195B29280030EBA9 /* libz.dylib */; };
		F71CE6D1195B292E0030EBA9 /* OpenGLES.framework in Frameworks */ = {isa = PBXBuildFile; fileRef = F71CE6D0195B292E0030EBA9 /* OpenGLES.framework */; };
		F71CE6D3195B29370030EBA9 /* QuartzCore.framework in Frameworks */ = {isa = PBXBuildFile; fileRef = F71CE6D2195B29370030EBA9 /* QuartzCore.framework */; };
		F71CE6D5195B29400030EBA9 /* SystemConfiguration.framework in Frameworks */ = {isa = PBXBuildFile; fileRef = F71CE6D4195B29400030EBA9 /* SystemConfiguration.framework */; };
		F71CE6DE195B42B90030EBA9 /* Constants.m in Sources */ = {isa = PBXBuildFile; fileRef = F71CE6DD195B42B90030EBA9 /* Constants.m */; };
		F71CE6E1195B4D1C0030EBA9 /* tree-sample.png in Resources */ = {isa = PBXBuildFile; fileRef = F71CE6E0195B4D1C0030EBA9 /* tree-sample.png */; };
		F71CE6E5195B4F510030EBA9 /* db.xcdatamodeld in Sources */ = {isa = PBXBuildFile; fileRef = F71CE6E3195B4F510030EBA9 /* db.xcdatamodeld */; };
		F71CE6EE195B539D0030EBA9 /* TrailMO.m in Sources */ = {isa = PBXBuildFile; fileRef = F71CE6ED195B539D0030EBA9 /* TrailMO.m */; };
		F71CE6F1195B53AF0030EBA9 /* TrailPointMO.m in Sources */ = {isa = PBXBuildFile; fileRef = F71CE6F0195B53AF0030EBA9 /* TrailPointMO.m */; };
		F71CE6F7195B7BD20030EBA9 /* MainMapViewController.m in Sources */ = {isa = PBXBuildFile; fileRef = F71CE6F6195B7BD20030EBA9 /* MainMapViewController.m */; };
		F71CE6FA195CA1D10030EBA9 /* Connection.m in Sources */ = {isa = PBXBuildFile; fileRef = F71CE6F9195CA1D10030EBA9 /* Connection.m */; };
		F71CE70D196456970030EBA9 /* DataLoader.m in Sources */ = {isa = PBXBuildFile; fileRef = F71CE70C196456970030EBA9 /* DataLoader.m */; };
		F7226534197585FE00EA0642 /* LAABoundary.csv in Resources */ = {isa = PBXBuildFile; fileRef = F7226533197585FE00EA0642 /* LAABoundary.csv */; };
		F794B8F71974569200AAFE04 /* TrailDBManager.m in Sources */ = {isa = PBXBuildFile; fileRef = F794B8F91974569200AAFE04 /* TrailDBManager.m */; };
		F794B90C197559D400AAFE04 /* StyleManager.m in Sources */ = {isa = PBXBuildFile; fileRef = F794B90B197559D400AAFE04 /* StyleManager.m */; };
		F794B90E19755C2000AAFE04 /* ArbData.sqlite in Resources */ = {isa = PBXBuildFile; fileRef = F794B90D19755C2000AAFE04 /* ArbData.sqlite */; };
/* End PBXBuildFile section */

/* Begin PBXContainerItemProxy section */
		F71CE69E195A309C0030EBA9 /* PBXContainerItemProxy */ = {
			isa = PBXContainerItemProxy;
			containerPortal = F71CE676195A309B0030EBA9 /* Project object */;
			proxyType = 1;
			remoteGlobalIDString = F71CE67D195A309C0030EBA9;
			remoteInfo = "The Arb";
		};
/* End PBXContainerItemProxy section */

/* Begin PBXFileReference section */
		F71CE67E195A309C0030EBA9 /* The Arb.app */ = {isa = PBXFileReference; explicitFileType = wrapper.application; includeInIndex = 0; path = "The Arb.app"; sourceTree = BUILT_PRODUCTS_DIR; };
		F71CE681195A309C0030EBA9 /* Foundation.framework */ = {isa = PBXFileReference; lastKnownFileType = wrapper.framework; name = Foundation.framework; path = System/Library/Frameworks/Foundation.framework; sourceTree = SDKROOT; };
		F71CE683195A309C0030EBA9 /* CoreGraphics.framework */ = {isa = PBXFileReference; lastKnownFileType = wrapper.framework; name = CoreGraphics.framework; path = System/Library/Frameworks/CoreGraphics.framework; sourceTree = SDKROOT; };
		F71CE685195A309C0030EBA9 /* UIKit.framework */ = {isa = PBXFileReference; lastKnownFileType = wrapper.framework; name = UIKit.framework; path = System/Library/Frameworks/UIKit.framework; sourceTree = SDKROOT; };
		F71CE689195A309C0030EBA9 /* The Arb-Info.plist */ = {isa = PBXFileReference; lastKnownFileType = text.plist.xml; path = "The Arb-Info.plist"; sourceTree = "<group>"; };
		F71CE68B195A309C0030EBA9 /* en */ = {isa = PBXFileReference; lastKnownFileType = text.plist.strings; name = en; path = en.lproj/InfoPlist.strings; sourceTree = "<group>"; };
		F71CE68D195A309C0030EBA9 /* main.m */ = {isa = PBXFileReference; lastKnownFileType = sourcecode.c.objc; path = main.m; sourceTree = "<group>"; };
		F71CE68F195A309C0030EBA9 /* The Arb-Prefix.pch */ = {isa = PBXFileReference; lastKnownFileType = sourcecode.c.h; path = "The Arb-Prefix.pch"; sourceTree = "<group>"; };
		F71CE690195A309C0030EBA9 /* AppDelegate.h */ = {isa = PBXFileReference; lastKnownFileType = sourcecode.c.h; path = AppDelegate.h; sourceTree = "<group>"; };
		F71CE691195A309C0030EBA9 /* AppDelegate.m */ = {isa = PBXFileReference; lastKnownFileType = sourcecode.c.objc; path = AppDelegate.m; sourceTree = "<group>"; };
		F71CE693195A309C0030EBA9 /* Images.xcassets */ = {isa = PBXFileReference; lastKnownFileType = folder.assetcatalog; path = Images.xcassets; sourceTree = "<group>"; };
		F71CE699195A309C0030EBA9 /* The ArbTests.xctest */ = {isa = PBXFileReference; explicitFileType = wrapper.cfbundle; includeInIndex = 0; path = "The ArbTests.xctest"; sourceTree = BUILT_PRODUCTS_DIR; };
		F71CE69A195A309C0030EBA9 /* XCTest.framework */ = {isa = PBXFileReference; lastKnownFileType = wrapper.framework; name = XCTest.framework; path = Library/Frameworks/XCTest.framework; sourceTree = DEVELOPER_DIR; };
		F71CE6A2195A309C0030EBA9 /* The ArbTests-Info.plist */ = {isa = PBXFileReference; lastKnownFileType = text.plist.xml; path = "The ArbTests-Info.plist"; sourceTree = "<group>"; };
		F71CE6A4195A309C0030EBA9 /* en */ = {isa = PBXFileReference; lastKnownFileType = text.plist.strings; name = en; path = en.lproj/InfoPlist.strings; sourceTree = "<group>"; };
		F71CE6A6195A309C0030EBA9 /* The_ArbTests.m */ = {isa = PBXFileReference; lastKnownFileType = sourcecode.c.objc; path = The_ArbTests.m; sourceTree = "<group>"; };
		F71CE6B2195B20C10030EBA9 /* Main.storyboard */ = {isa = PBXFileReference; fileEncoding = 4; lastKnownFileType = file.storyboard; path = Main.storyboard; sourceTree = "<group>"; };
		F71CE6B7195B263A0030EBA9 /* AppInitViewController.h */ = {isa = PBXFileReference; fileEncoding = 4; lastKnownFileType = sourcecode.c.h; path = AppInitViewController.h; sourceTree = "<group>"; };
		F71CE6B8195B263A0030EBA9 /* AppInitViewController.m */ = {isa = PBXFileReference; fileEncoding = 4; lastKnownFileType = sourcecode.c.objc; path = AppInitViewController.m; sourceTree = "<group>"; };
		F71CE6BA195B284B0030EBA9 /* GoogleMaps.framework */ = {isa = PBXFileReference; lastKnownFileType = wrapper.framework; path = GoogleMaps.framework; sourceTree = "<group>"; };
		F71CE6BC195B288B0030EBA9 /* GoogleMaps.bundle */ = {isa = PBXFileReference; lastKnownFileType = "wrapper.plug-in"; name = GoogleMaps.bundle; path = GoogleMaps.framework/Versions/A/Resources/GoogleMaps.bundle; sourceTree = "<group>"; };
		F71CE6BE195B28C60030EBA9 /* AVFoundation.framework */ = {isa = PBXFileReference; lastKnownFileType = wrapper.framework; name = AVFoundation.framework; path = System/Library/Frameworks/AVFoundation.framework; sourceTree = SDKROOT; };
		F71CE6C0195B28CE0030EBA9 /* CoreData.framework */ = {isa = PBXFileReference; lastKnownFileType = wrapper.framework; name = CoreData.framework; path = System/Library/Frameworks/CoreData.framework; sourceTree = SDKROOT; };
		F71CE6C2195B28E40030EBA9 /* CoreLocation.framework */ = {isa = PBXFileReference; lastKnownFileType = wrapper.framework; name = CoreLocation.framework; path = System/Library/Frameworks/CoreLocation.framework; sourceTree = SDKROOT; };
		F71CE6C3195B28E40030EBA9 /* CoreText.framework */ = {isa = PBXFileReference; lastKnownFileType = wrapper.framework; name = CoreText.framework; path = System/Library/Frameworks/CoreText.framework; sourceTree = SDKROOT; };
		F71CE6C6195B28FA0030EBA9 /* GLKit.framework */ = {isa = PBXFileReference; lastKnownFileType = wrapper.framework; name = GLKit.framework; path = System/Library/Frameworks/GLKit.framework; sourceTree = SDKROOT; };
		F71CE6C8195B29060030EBA9 /* ImageIO.framework */ = {isa = PBXFileReference; lastKnownFileType = wrapper.framework; name = ImageIO.framework; path = System/Library/Frameworks/ImageIO.framework; sourceTree = SDKROOT; };
		F71CE6CA195B29130030EBA9 /* libc++.dylib */ = {isa = PBXFileReference; lastKnownFileType = "compiled.mach-o.dylib"; name = "libc++.dylib"; path = "usr/lib/libc++.dylib"; sourceTree = SDKROOT; };
		F71CE6CC195B29200030EBA9 /* libicucore.dylib */ = {isa = PBXFileReference; lastKnownFileType = "compiled.mach-o.dylib"; name = libicucore.dylib; path = usr/lib/libicucore.dylib; sourceTree = SDKROOT; };
		F71CE6CE195B29280030EBA9 /* libz.dylib */ = {isa = PBXFileReference; lastKnownFileType = "compiled.mach-o.dylib"; name = libz.dylib; path = usr/lib/libz.dylib; sourceTree = SDKROOT; };
		F71CE6D0195B292E0030EBA9 /* OpenGLES.framework */ = {isa = PBXFileReference; lastKnownFileType = wrapper.framework; name = OpenGLES.framework; path = System/Library/Frameworks/OpenGLES.framework; sourceTree = SDKROOT; };
		F71CE6D2195B29370030EBA9 /* QuartzCore.framework */ = {isa = PBXFileReference; lastKnownFileType = wrapper.framework; name = QuartzCore.framework; path = System/Library/Frameworks/QuartzCore.framework; sourceTree = SDKROOT; };
		F71CE6D4195B29400030EBA9 /* SystemConfiguration.framework */ = {isa = PBXFileReference; lastKnownFileType = wrapper.framework; name = SystemConfiguration.framework; path = System/Library/Frameworks/SystemConfiguration.framework; sourceTree = SDKROOT; };
		F71CE6DC195B42B90030EBA9 /* Constants.h */ = {isa = PBXFileReference; fileEncoding = 4; lastKnownFileType = sourcecode.c.h; path = Constants.h; sourceTree = "<group>"; };
		F71CE6DD195B42B90030EBA9 /* Constants.m */ = {isa = PBXFileReference; fileEncoding = 4; lastKnownFileType = sourcecode.c.objc; path = Constants.m; sourceTree = "<group>"; };
		F71CE6E0195B4D1C0030EBA9 /* tree-sample.png */ = {isa = PBXFileReference; lastKnownFileType = image.png; name = "tree-sample.png"; path = "../../../../Dropbox/2013-2014/ArbApp/Images/tree-sample.png"; sourceTree = "<group>"; };
		F71CE6E4195B4F510030EBA9 /* db.xcdatamodel */ = {isa = PBXFileReference; lastKnownFileType = wrapper.xcdatamodel; path = db.xcdatamodel; sourceTree = "<group>"; };
		F71CE6EC195B539D0030EBA9 /* TrailMO.h */ = {isa = PBXFileReference; fileEncoding = 4; lastKnownFileType = sourcecode.c.h; path = TrailMO.h; sourceTree = "<group>"; };
		F71CE6ED195B539D0030EBA9 /* TrailMO.m */ = {isa = PBXFileReference; fileEncoding = 4; lastKnownFileType = sourcecode.c.objc; path = TrailMO.m; sourceTree = "<group>"; };
		F71CE6EF195B53AF0030EBA9 /* TrailPointMO.h */ = {isa = PBXFileReference; fileEncoding = 4; lastKnownFileType = sourcecode.c.h; path = TrailPointMO.h; sourceTree = "<group>"; };
		F71CE6F0195B53AF0030EBA9 /* TrailPointMO.m */ = {isa = PBXFileReference; fileEncoding = 4; lastKnownFileType = sourcecode.c.objc; path = TrailPointMO.m; sourceTree = "<group>"; };
		F71CE6F5195B7BD20030EBA9 /* MainMapViewController.h */ = {isa = PBXFileReference; fileEncoding = 4; lastKnownFileType = sourcecode.c.h; path = MainMapViewController.h; sourceTree = "<group>"; };
		F71CE6F6195B7BD20030EBA9 /* MainMapViewController.m */ = {isa = PBXFileReference; fileEncoding = 4; lastKnownFileType = sourcecode.c.objc; path = MainMapViewController.m; sourceTree = "<group>"; };
		F71CE6F8195CA1D10030EBA9 /* Connection.h */ = {isa = PBXFileReference; fileEncoding = 4; lastKnownFileType = sourcecode.c.h; path = Connection.h; sourceTree = "<group>"; };
		F71CE6F9195CA1D10030EBA9 /* Connection.m */ = {isa = PBXFileReference; fileEncoding = 4; lastKnownFileType = sourcecode.c.objc; path = Connection.m; sourceTree = "<group>"; };
		F71CE70B196456970030EBA9 /* DataLoader.h */ = {isa = PBXFileReference; fileEncoding = 4; lastKnownFileType = sourcecode.c.h; path = DataLoader.h; sourceTree = "<group>"; };
		F71CE70C196456970030EBA9 /* DataLoader.m */ = {isa = PBXFileReference; fileEncoding = 4; lastKnownFileType = sourcecode.c.objc; path = DataLoader.m; sourceTree = "<group>"; };
		F7226533197585FE00EA0642 /* LAABoundary.csv */ = {isa = PBXFileReference; fileEncoding = 4; lastKnownFileType = text; name = LAABoundary.csv; path = "../../../../Dropbox/2013-2014/ArbApp/Data/LAABoundary/LAABoundary.csv"; sourceTree = "<group>"; };
		F794B8F51974568F00AAFE04 /* en */ = {isa = PBXFileReference; lastKnownFileType = sourcecode.c.h; name = en; path = en.lproj/TrailDBManager.h; sourceTree = "<group>"; };
		F794B8F81974569200AAFE04 /* en */ = {isa = PBXFileReference; lastKnownFileType = sourcecode.c.objc; name = en; path = en.lproj/TrailDBManager.m; sourceTree = "<group>"; };
		F794B90A197559D400AAFE04 /* StyleManager.h */ = {isa = PBXFileReference; fileEncoding = 4; lastKnownFileType = sourcecode.c.h; path = StyleManager.h; sourceTree = "<group>"; };
		F794B90B197559D400AAFE04 /* StyleManager.m */ = {isa = PBXFileReference; fileEncoding = 4; lastKnownFileType = sourcecode.c.objc; path = StyleManager.m; sourceTree = "<group>"; };
		F794B90D19755C2000AAFE04 /* ArbData.sqlite */ = {isa = PBXFileReference; lastKnownFileType = file; path = ArbData.sqlite; sourceTree = "<group>"; };
/* End PBXFileReference section */

/* Begin PBXFrameworksBuildPhase section */
		F71CE67B195A309C0030EBA9 /* Frameworks */ = {
			isa = PBXFrameworksBuildPhase;
			buildActionMask = 2147483647;
			files = (
				F71CE6D5195B29400030EBA9 /* SystemConfiguration.framework in Frameworks */,
				F71CE6D3195B29370030EBA9 /* QuartzCore.framework in Frameworks */,
				F71CE6D1195B292E0030EBA9 /* OpenGLES.framework in Frameworks */,
				F71CE6CF195B29280030EBA9 /* libz.dylib in Frameworks */,
				F71CE6CD195B29200030EBA9 /* libicucore.dylib in Frameworks */,
				F71CE6CB195B29130030EBA9 /* libc++.dylib in Frameworks */,
				F71CE6C9195B29060030EBA9 /* ImageIO.framework in Frameworks */,
				F71CE6C7195B28FA0030EBA9 /* GLKit.framework in Frameworks */,
				F71CE6C4195B28E40030EBA9 /* CoreLocation.framework in Frameworks */,
				F71CE6C5195B28E40030EBA9 /* CoreText.framework in Frameworks */,
				F71CE6C1195B28CE0030EBA9 /* CoreData.framework in Frameworks */,
				F71CE6BF195B28C60030EBA9 /* AVFoundation.framework in Frameworks */,
				F71CE684195A309C0030EBA9 /* CoreGraphics.framework in Frameworks */,
				F71CE686195A309C0030EBA9 /* UIKit.framework in Frameworks */,
				F71CE6BB195B284B0030EBA9 /* GoogleMaps.framework in Frameworks */,
				F71CE682195A309C0030EBA9 /* Foundation.framework in Frameworks */,
			);
			runOnlyForDeploymentPostprocessing = 0;
		};
		F71CE696195A309C0030EBA9 /* Frameworks */ = {
			isa = PBXFrameworksBuildPhase;
			buildActionMask = 2147483647;
			files = (
				F71CE69B195A309C0030EBA9 /* XCTest.framework in Frameworks */,
				F71CE69D195A309C0030EBA9 /* UIKit.framework in Frameworks */,
				F71CE69C195A309C0030EBA9 /* Foundation.framework in Frameworks */,
			);
			runOnlyForDeploymentPostprocessing = 0;
		};
/* End PBXFrameworksBuildPhase section */

/* Begin PBXGroup section */
		F71CE675195A309B0030EBA9 = {
			isa = PBXGroup;
			children = (
				F71CE687195A309C0030EBA9 /* The Arb */,
				F71CE6A0195A309C0030EBA9 /* The ArbTests */,
				F71CE680195A309C0030EBA9 /* Frameworks */,
				F71CE67F195A309C0030EBA9 /* Products */,
			);
			sourceTree = "<group>";
		};
		F71CE67F195A309C0030EBA9 /* Products */ = {
			isa = PBXGroup;
			children = (
				F71CE67E195A309C0030EBA9 /* The Arb.app */,
				F71CE699195A309C0030EBA9 /* The ArbTests.xctest */,
			);
			name = Products;
			sourceTree = "<group>";
		};
		F71CE680195A309C0030EBA9 /* Frameworks */ = {
			isa = PBXGroup;
			children = (
				F71CE6D4195B29400030EBA9 /* SystemConfiguration.framework */,
				F71CE6D2195B29370030EBA9 /* QuartzCore.framework */,
				F71CE6D0195B292E0030EBA9 /* OpenGLES.framework */,
				F71CE6CE195B29280030EBA9 /* libz.dylib */,
				F71CE6CC195B29200030EBA9 /* libicucore.dylib */,
				F71CE6CA195B29130030EBA9 /* libc++.dylib */,
				F71CE6C8195B29060030EBA9 /* ImageIO.framework */,
				F71CE6C6195B28FA0030EBA9 /* GLKit.framework */,
				F71CE6C2195B28E40030EBA9 /* CoreLocation.framework */,
				F71CE6C3195B28E40030EBA9 /* CoreText.framework */,
				F71CE6C0195B28CE0030EBA9 /* CoreData.framework */,
				F71CE6BE195B28C60030EBA9 /* AVFoundation.framework */,
				F71CE6BC195B288B0030EBA9 /* GoogleMaps.bundle */,
				F71CE6BA195B284B0030EBA9 /* GoogleMaps.framework */,
				F71CE681195A309C0030EBA9 /* Foundation.framework */,
				F71CE683195A309C0030EBA9 /* CoreGraphics.framework */,
				F71CE685195A309C0030EBA9 /* UIKit.framework */,
				F71CE69A195A309C0030EBA9 /* XCTest.framework */,
			);
			name = Frameworks;
			sourceTree = "<group>";
		};
		F71CE687195A309C0030EBA9 /* The Arb */ = {
			isa = PBXGroup;
			children = (
				F71CE6E2195B4F250030EBA9 /* Database */,
				F71CE690195A309C0030EBA9 /* AppDelegate.h */,
				F71CE691195A309C0030EBA9 /* AppDelegate.m */,
				F71CE6B7195B263A0030EBA9 /* AppInitViewController.h */,
				F71CE6B8195B263A0030EBA9 /* AppInitViewController.m */,
				F71CE6F5195B7BD20030EBA9 /* MainMapViewController.h */,
				F71CE6F6195B7BD20030EBA9 /* MainMapViewController.m */,
				F794B90A197559D400AAFE04 /* StyleManager.h */,
				F794B90B197559D400AAFE04 /* StyleManager.m */,
				F71CE70B196456970030EBA9 /* DataLoader.h */,
				F71CE70C196456970030EBA9 /* DataLoader.m */,
				F71CE6F8195CA1D10030EBA9 /* Connection.h */,
				F71CE6F9195CA1D10030EBA9 /* Connection.m */,
				F71CE6DC195B42B90030EBA9 /* Constants.h */,
				F71CE6DD195B42B90030EBA9 /* Constants.m */,
				F71CE6B2195B20C10030EBA9 /* Main.storyboard */,
				F71CE6DF195B4CD30030EBA9 /* Images */,
				F71CE693195A309C0030EBA9 /* Images.xcassets */,
				F71CE688195A309C0030EBA9 /* Supporting Files */,
			);
			path = "The Arb";
			sourceTree = "<group>";
		};
		F71CE688195A309C0030EBA9 /* Supporting Files */ = {
			isa = PBXGroup;
			children = (
				F71CE689195A309C0030EBA9 /* The Arb-Info.plist */,
				F71CE68A195A309C0030EBA9 /* InfoPlist.strings */,
				F71CE68D195A309C0030EBA9 /* main.m */,
				F71CE68F195A309C0030EBA9 /* The Arb-Prefix.pch */,
			);
			name = "Supporting Files";
			sourceTree = "<group>";
		};
		F71CE6A0195A309C0030EBA9 /* The ArbTests */ = {
			isa = PBXGroup;
			children = (
				F71CE6A6195A309C0030EBA9 /* The_ArbTests.m */,
				F71CE6A1195A309C0030EBA9 /* Supporting Files */,
			);
			path = "The ArbTests";
			sourceTree = "<group>";
		};
		F71CE6A1195A309C0030EBA9 /* Supporting Files */ = {
			isa = PBXGroup;
			children = (
				F71CE6A2195A309C0030EBA9 /* The ArbTests-Info.plist */,
				F71CE6A3195A309C0030EBA9 /* InfoPlist.strings */,
			);
			name = "Supporting Files";
			sourceTree = "<group>";
		};
		F71CE6DF195B4CD30030EBA9 /* Images */ = {
			isa = PBXGroup;
			children = (
				F71CE6E0195B4D1C0030EBA9 /* tree-sample.png */,
			);
			name = Images;
			sourceTree = "<group>";
		};
		F71CE6E2195B4F250030EBA9 /* Database */ = {
			isa = PBXGroup;
			children = (
				F794B90D19755C2000AAFE04 /* ArbData.sqlite */,
				F7226533197585FE00EA0642 /* LAABoundary.csv */,
				F71CE6E3195B4F510030EBA9 /* db.xcdatamodeld */,
				F71CE6EC195B539D0030EBA9 /* TrailMO.h */,
				F71CE6ED195B539D0030EBA9 /* TrailMO.m */,
				F71CE6EF195B53AF0030EBA9 /* TrailPointMO.h */,
				F71CE6F0195B53AF0030EBA9 /* TrailPointMO.m */,
				F794B8F61974568F00AAFE04 /* TrailDBManager.h */,
				F794B8F91974569200AAFE04 /* TrailDBManager.m */,
			);
			name = Database;
			sourceTree = "<group>";
		};
/* End PBXGroup section */

/* Begin PBXNativeTarget section */
		F71CE67D195A309C0030EBA9 /* The Arb */ = {
			isa = PBXNativeTarget;
			buildConfigurationList = F71CE6AA195A309C0030EBA9 /* Build configuration list for PBXNativeTarget "The Arb" */;
			buildPhases = (
				F71CE67A195A309C0030EBA9 /* Sources */,
				F71CE67B195A309C0030EBA9 /* Frameworks */,
				F71CE67C195A309C0030EBA9 /* Resources */,
			);
			buildRules = (
			);
			dependencies = (
			);
			name = "The Arb";
			productName = "The Arb";
			productReference = F71CE67E195A309C0030EBA9 /* The Arb.app */;
			productType = "com.apple.product-type.application";
		};
		F71CE698195A309C0030EBA9 /* The ArbTests */ = {
			isa = PBXNativeTarget;
			buildConfigurationList = F71CE6AD195A309C0030EBA9 /* Build configuration list for PBXNativeTarget "The ArbTests" */;
			buildPhases = (
				F71CE695195A309C0030EBA9 /* Sources */,
				F71CE696195A309C0030EBA9 /* Frameworks */,
				F71CE697195A309C0030EBA9 /* Resources */,
			);
			buildRules = (
			);
			dependencies = (
				F71CE69F195A309C0030EBA9 /* PBXTargetDependency */,
			);
			name = "The ArbTests";
			productName = "The ArbTests";
			productReference = F71CE699195A309C0030EBA9 /* The ArbTests.xctest */;
			productType = "com.apple.product-type.bundle.unit-test";
		};
/* End PBXNativeTarget section */

/* Begin PBXProject section */
		F71CE676195A309B0030EBA9 /* Project object */ = {
			isa = PBXProject;
			attributes = {
				LastUpgradeCheck = 0510;
				ORGANIZATIONNAME = "Riley Lundquist";
				TargetAttributes = {
					F71CE67D195A309C0030EBA9 = {
						SystemCapabilities = {
							com.apple.BackgroundModes = {
								enabled = 1;
							};
							com.apple.iOS = {
								enabled = 0;
							};
						};
					};
					F71CE698195A309C0030EBA9 = {
						TestTargetID = F71CE67D195A309C0030EBA9;
					};
				};
			};
			buildConfigurationList = F71CE679195A309B0030EBA9 /* Build configuration list for PBXProject "The Arb" */;
			compatibilityVersion = "Xcode 3.2";
			developmentRegion = English;
			hasScannedForEncodings = 0;
			knownRegions = (
				en,
			);
			mainGroup = F71CE675195A309B0030EBA9;
			productRefGroup = F71CE67F195A309C0030EBA9 /* Products */;
			projectDirPath = "";
			projectRoot = "";
			targets = (
				F71CE67D195A309C0030EBA9 /* The Arb */,
				F71CE698195A309C0030EBA9 /* The ArbTests */,
			);
		};
/* End PBXProject section */

/* Begin PBXResourcesBuildPhase section */
		F71CE67C195A309C0030EBA9 /* Resources */ = {
			isa = PBXResourcesBuildPhase;
			buildActionMask = 2147483647;
			files = (
				F71CE6E1195B4D1C0030EBA9 /* tree-sample.png in Resources */,
				F71CE68C195A309C0030EBA9 /* InfoPlist.strings in Resources */,
				F71CE694195A309C0030EBA9 /* Images.xcassets in Resources */,
				F794B90E19755C2000AAFE04 /* ArbData.sqlite in Resources */,
				F71CE6B3195B20C10030EBA9 /* Main.storyboard in Resources */,
				F71CE6BD195B288B0030EBA9 /* GoogleMaps.bundle in Resources */,
				F7226534197585FE00EA0642 /* LAABoundary.csv in Resources */,
			);
			runOnlyForDeploymentPostprocessing = 0;
		};
		F71CE697195A309C0030EBA9 /* Resources */ = {
			isa = PBXResourcesBuildPhase;
			buildActionMask = 2147483647;
			files = (
				F71CE6A5195A309C0030EBA9 /* InfoPlist.strings in Resources */,
			);
			runOnlyForDeploymentPostprocessing = 0;
		};
/* End PBXResourcesBuildPhase section */

/* Begin PBXSourcesBuildPhase section */
		F71CE67A195A309C0030EBA9 /* Sources */ = {
			isa = PBXSourcesBuildPhase;
			buildActionMask = 2147483647;
			files = (
				F71CE6DE195B42B90030EBA9 /* Constants.m in Sources */,
				F71CE692195A309C0030EBA9 /* AppDelegate.m in Sources */,
				F71CE6F7195B7BD20030EBA9 /* MainMapViewController.m in Sources */,
				F71CE6F1195B53AF0030EBA9 /* TrailPointMO.m in Sources */,
				F71CE6B9195B263A0030EBA9 /* AppInitViewController.m in Sources */,
				F71CE6EE195B539D0030EBA9 /* TrailMO.m in Sources */,
				F71CE68E195A309C0030EBA9 /* main.m in Sources */,
				F71CE6E5195B4F510030EBA9 /* db.xcdatamodeld in Sources */,
				F71CE70D196456970030EBA9 /* DataLoader.m in Sources */,
				F794B90C197559D400AAFE04 /* StyleManager.m in Sources */,
				F794B8F71974569200AAFE04 /* TrailDBManager.m in Sources */,
				F71CE6FA195CA1D10030EBA9 /* Connection.m in Sources */,
			);
			runOnlyForDeploymentPostprocessing = 0;
		};
		F71CE695195A309C0030EBA9 /* Sources */ = {
			isa = PBXSourcesBuildPhase;
			buildActionMask = 2147483647;
			files = (
				F71CE6A7195A309C0030EBA9 /* The_ArbTests.m in Sources */,
			);
			runOnlyForDeploymentPostprocessing = 0;
		};
/* End PBXSourcesBuildPhase section */

/* Begin PBXTargetDependency section */
		F71CE69F195A309C0030EBA9 /* PBXTargetDependency */ = {
			isa = PBXTargetDependency;
			target = F71CE67D195A309C0030EBA9 /* The Arb */;
			targetProxy = F71CE69E195A309C0030EBA9 /* PBXContainerItemProxy */;
		};
/* End PBXTargetDependency section */

/* Begin PBXVariantGroup section */
		F71CE68A195A309C0030EBA9 /* InfoPlist.strings */ = {
			isa = PBXVariantGroup;
			children = (
				F71CE68B195A309C0030EBA9 /* en */,
			);
			name = InfoPlist.strings;
			sourceTree = "<group>";
		};
		F71CE6A3195A309C0030EBA9 /* InfoPlist.strings */ = {
			isa = PBXVariantGroup;
			children = (
				F71CE6A4195A309C0030EBA9 /* en */,
			);
			name = InfoPlist.strings;
			sourceTree = "<group>";
		};
		F794B8F61974568F00AAFE04 /* TrailDBManager.h */ = {
			isa = PBXVariantGroup;
			children = (
				F794B8F51974568F00AAFE04 /* en */,
			);
			name = TrailDBManager.h;
			sourceTree = "<group>";
		};
		F794B8F91974569200AAFE04 /* TrailDBManager.m */ = {
			isa = PBXVariantGroup;
			children = (
				F794B8F81974569200AAFE04 /* en */,
			);
			name = TrailDBManager.m;
			sourceTree = "<group>";
		};
/* End PBXVariantGroup section */

/* Begin XCBuildConfiguration section */
		F71CE6A8195A309C0030EBA9 /* Debug */ = {
			isa = XCBuildConfiguration;
			buildSettings = {
				ALWAYS_SEARCH_USER_PATHS = NO;
				CLANG_CXX_LANGUAGE_STANDARD = "gnu++0x";
				CLANG_CXX_LIBRARY = "libc++";
				CLANG_ENABLE_MODULES = YES;
				CLANG_ENABLE_OBJC_ARC = YES;
				CLANG_WARN_BOOL_CONVERSION = YES;
				CLANG_WARN_CONSTANT_CONVERSION = YES;
				CLANG_WARN_DIRECT_OBJC_ISA_USAGE = YES_ERROR;
				CLANG_WARN_EMPTY_BODY = YES;
				CLANG_WARN_ENUM_CONVERSION = YES;
				CLANG_WARN_INT_CONVERSION = YES;
				CLANG_WARN_OBJC_ROOT_CLASS = YES_ERROR;
				CLANG_WARN__DUPLICATE_METHOD_MATCH = YES;
				"CODE_SIGN_IDENTITY[sdk=iphoneos*]" = "iPhone Developer";
				COPY_PHASE_STRIP = NO;
				GCC_C_LANGUAGE_STANDARD = gnu99;
				GCC_DYNAMIC_NO_PIC = NO;
				GCC_OPTIMIZATION_LEVEL = 0;
				GCC_PREPROCESSOR_DEFINITIONS = (
					"DEBUG=1",
					"$(inherited)",
				);
				GCC_SYMBOLS_PRIVATE_EXTERN = NO;
				GCC_WARN_64_TO_32_BIT_CONVERSION = YES;
				GCC_WARN_ABOUT_RETURN_TYPE = YES_ERROR;
				GCC_WARN_UNDECLARED_SELECTOR = YES;
				GCC_WARN_UNINITIALIZED_AUTOS = YES_AGGRESSIVE;
				GCC_WARN_UNUSED_FUNCTION = YES;
				GCC_WARN_UNUSED_VARIABLE = YES;
				IPHONEOS_DEPLOYMENT_TARGET = 7.1;
				ONLY_ACTIVE_ARCH = YES;
				"OTHER_LDFLAGS[arch=*]" = "-ObjC";
				SDKROOT = iphoneos;
			};
			name = Debug;
		};
		F71CE6A9195A309C0030EBA9 /* Release */ = {
			isa = XCBuildConfiguration;
			buildSettings = {
				ALWAYS_SEARCH_USER_PATHS = NO;
				CLANG_CXX_LANGUAGE_STANDARD = "gnu++0x";
				CLANG_CXX_LIBRARY = "libc++";
				CLANG_ENABLE_MODULES = YES;
				CLANG_ENABLE_OBJC_ARC = YES;
				CLANG_WARN_BOOL_CONVERSION = YES;
				CLANG_WARN_CONSTANT_CONVERSION = YES;
				CLANG_WARN_DIRECT_OBJC_ISA_USAGE = YES_ERROR;
				CLANG_WARN_EMPTY_BODY = YES;
				CLANG_WARN_ENUM_CONVERSION = YES;
				CLANG_WARN_INT_CONVERSION = YES;
				CLANG_WARN_OBJC_ROOT_CLASS = YES_ERROR;
				CLANG_WARN__DUPLICATE_METHOD_MATCH = YES;
				"CODE_SIGN_IDENTITY[sdk=iphoneos*]" = "iPhone Developer";
				COPY_PHASE_STRIP = YES;
				ENABLE_NS_ASSERTIONS = NO;
				GCC_C_LANGUAGE_STANDARD = gnu99;
				GCC_WARN_64_TO_32_BIT_CONVERSION = YES;
				GCC_WARN_ABOUT_RETURN_TYPE = YES_ERROR;
				GCC_WARN_UNDECLARED_SELECTOR = YES;
				GCC_WARN_UNINITIALIZED_AUTOS = YES_AGGRESSIVE;
				GCC_WARN_UNUSED_FUNCTION = YES;
				GCC_WARN_UNUSED_VARIABLE = YES;
				IPHONEOS_DEPLOYMENT_TARGET = 7.1;
				"OTHER_LDFLAGS[arch=*]" = "-ObjC";
				SDKROOT = iphoneos;
				VALIDATE_PRODUCT = YES;
			};
			name = Release;
		};
		F71CE6AB195A309C0030EBA9 /* Debug */ = {
			isa = XCBuildConfiguration;
			buildSettings = {
				ASSETCATALOG_COMPILER_APPICON_NAME = AppIcon;
				ASSETCATALOG_COMPILER_LAUNCHIMAGE_NAME = LaunchImage;
				CODE_SIGN_IDENTITY = "iPhone Developer";
				FRAMEWORK_SEARCH_PATHS = (
					/users/rlundquist3/development/ios/arb,
					"$(PROJECT_DIR)",
				);
				GCC_PRECOMPILE_PREFIX_HEADER = YES;
				GCC_PREFIX_HEADER = "The Arb/The Arb-Prefix.pch";
				INFOPLIST_FILE = "The Arb/The Arb-Info.plist";
				LIBRARY_SEARCH_PATHS = (
					/users/rlundquist3/development/ios/arb/the,
					arb,
				);
				PRODUCT_NAME = "$(TARGET_NAME)";
				WRAPPER_EXTENSION = app;
			};
			name = Debug;
		};
		F71CE6AC195A309C0030EBA9 /* Release */ = {
			isa = XCBuildConfiguration;
			buildSettings = {
				ASSETCATALOG_COMPILER_APPICON_NAME = AppIcon;
				ASSETCATALOG_COMPILER_LAUNCHIMAGE_NAME = LaunchImage;
				CODE_SIGN_IDENTITY = "iPhone Developer";
				FRAMEWORK_SEARCH_PATHS = (
					/users/rlundquist3/development/ios/arb,
					"$(PROJECT_DIR)",
				);
				GCC_PRECOMPILE_PREFIX_HEADER = YES;
				GCC_PREFIX_HEADER = "The Arb/The Arb-Prefix.pch";
				INFOPLIST_FILE = "The Arb/The Arb-Info.plist";
				LIBRARY_SEARCH_PATHS = (
					/users/rlundquist3/development/ios/arb/the,
					arb,
				);
				PRODUCT_NAME = "$(TARGET_NAME)";
				WRAPPER_EXTENSION = app;
			};
			name = Release;
		};
		F71CE6AE195A309C0030EBA9 /* Debug */ = {
			isa = XCBuildConfiguration;
			buildSettings = {
				BUNDLE_LOADER = "$(BUILT_PRODUCTS_DIR)/The Arb.app/The Arb";
				FRAMEWORK_SEARCH_PATHS = (
					"$(SDKROOT)/Developer/Library/Frameworks",
					"$(inherited)",
					"$(DEVELOPER_FRAMEWORKS_DIR)",
				);
				GCC_PRECOMPILE_PREFIX_HEADER = YES;
				GCC_PREFIX_HEADER = "The Arb/The Arb-Prefix.pch";
				GCC_PREPROCESSOR_DEFINITIONS = (
					"DEBUG=1",
					"$(inherited)",
				);
				INFOPLIST_FILE = "The ArbTests/The ArbTests-Info.plist";
				PRODUCT_NAME = "$(TARGET_NAME)";
				TEST_HOST = "$(BUNDLE_LOADER)";
				WRAPPER_EXTENSION = xctest;
			};
			name = Debug;
		};
		F71CE6AF195A309C0030EBA9 /* Release */ = {
			isa = XCBuildConfiguration;
			buildSettings = {
				BUNDLE_LOADER = "$(BUILT_PRODUCTS_DIR)/The Arb.app/The Arb";
				FRAMEWORK_SEARCH_PATHS = (
					"$(SDKROOT)/Developer/Library/Frameworks",
					"$(inherited)",
					"$(DEVELOPER_FRAMEWORKS_DIR)",
				);
				GCC_PRECOMPILE_PREFIX_HEADER = YES;
				GCC_PREFIX_HEADER = "The Arb/The Arb-Prefix.pch";
				INFOPLIST_FILE = "The ArbTests/The ArbTests-Info.plist";
				PRODUCT_NAME = "$(TARGET_NAME)";
				TEST_HOST = "$(BUNDLE_LOADER)";
				WRAPPER_EXTENSION = xctest;
			};
			name = Release;
		};
/* End XCBuildConfiguration section */

/* Begin XCConfigurationList section */
		F71CE679195A309B0030EBA9 /* Build configuration list for PBXProject "The Arb" */ = {
			isa = XCConfigurationList;
			buildConfigurations = (
				F71CE6A8195A309C0030EBA9 /* Debug */,
				F71CE6A9195A309C0030EBA9 /* Release */,
			);
			defaultConfigurationIsVisible = 0;
			defaultConfigurationName = Release;
		};
		F71CE6AA195A309C0030EBA9 /* Build configuration list for PBXNativeTarget "The Arb" */ = {
			isa = XCConfigurationList;
			buildConfigurations = (
				F71CE6AB195A309C0030EBA9 /* Debug */,
				F71CE6AC195A309C0030EBA9 /* Release */,
			);
			defaultConfigurationIsVisible = 0;
			defaultConfigurationName = Release;
		};
		F71CE6AD195A309C0030EBA9 /* Build configuration list for PBXNativeTarget "The ArbTests" */ = {
			isa = XCConfigurationList;
			buildConfigurations = (
				F71CE6AE195A309C0030EBA9 /* Debug */,
				F71CE6AF195A309C0030EBA9 /* Release */,
			);
			defaultConfigurationIsVisible = 0;
			defaultConfigurationName = Release;
		};
/* End XCConfigurationList section */

/* Begin XCVersionGroup section */
		F71CE6E3195B4F510030EBA9 /* db.xcdatamodeld */ = {
			isa = XCVersionGroup;
			children = (
				F71CE6E4195B4F510030EBA9 /* db.xcdatamodel */,
			);
			currentVersion = F71CE6E4195B4F510030EBA9 /* db.xcdatamodel */;
			path = db.xcdatamodeld;
			sourceTree = "<group>";
			versionGroupType = wrapper.xcdatamodel;
		};
/* End XCVersionGroup section */
	};
	rootObject = F71CE676195A309B0030EBA9 /* Project object */;
}
